{
    "hash": "de6e67411c0605e194ef23eda665066c",
    "packages": [
        {
            "package": "doctrine/common",
            "version": "dev-master",
            "source-reference": "25e7b91a41dda2adfff529a814a4f9f90a30fa62"
        },
        {
            "package": "doctrine/common",
            "version": "dev-master",
            "alias-pretty-version": "2.3.x-dev",
            "alias-version": "2.3.9999999.9999999-dev"
        },
        {
            "package": "symfony/symfony",
            "version": "dev-master",
            "alias-pretty-version": "2.1.x-dev",
            "alias-version": "2.1.9999999.9999999-dev"
        },
        {
            "package": "symfony/symfony",
            "version": "dev-master",
            "source-reference": "1541fe26e4d78135ab24ae2edfb1dbc2a9b2fa40"
        },
        {
            "package": "twig/extensions",
            "version": "dev-master",
            "source-reference": "feb6d3f10c411e2631997c0a905aa581c80305c1"
        },
        {
            "package": "twig/twig",
            "version": "v1.8.2"
        },
        {
            "package": "zetacomponents/base",
            "version": "dev-master",
            "source-reference": "642f63a8a72c32996f1aaf8a317fdf746bc32ce7"
        },
        {
            "package": "zetacomponents/configuration",
            "version": "dev-master",
            "source-reference": "10ae09f42768d4657b2d1a66226ee63cbd8754b2"
        },
        {
            "package": "zetacomponents/database",
            "version": "dev-master",
            "source-reference": "0e8ddef8ce616bc18365efa2eef2161de3d7f74f"
        }
    ],
    "packages-dev": null,
    "aliases": [

    ],
    "minimum-stability": "dev",
    "stability-flags": {
        "symfony/symfony": 20,
        "twig/extensions": 20,
        "zetacomponents/database": 20,
        "zetacomponents/configuration": 20
    }
}
